
Microsoft Visual Studio Solution File, Format Version 12.00
# Visual Studio 14
VisualStudioVersion = 14.0.25123.0
MinimumVisualStudioVersion = 10.0.40219.1
Project("{FAE04EC0-301F-11D3-BF4B-00C04F79EFBC}") = "DotNetOS", "DotNetOS\DotNetOS.csproj", "{D1201469-C9C0-40D5-A1A9-28331899BD06}"
EndProject
Project("{FAE04EC0-301F-11D3-BF4B-00C04F79EFBC}") = "ToolsRunner", "ToolsRunner\ToolsRunner.csproj", "{12736183-9C71-4FAD-A757-38D385B3BC1C}"
EndProject
Project("{FAE04EC0-301F-11D3-BF4B-00C04F79EFBC}") = "ToolsRunner.Tests", "ToolsRunner.Tests\ToolsRunner.Tests.csproj", "{9AE68895-06F5-459C-B21B-1D9C7D75D653}"
EndProject
Project("{FAE04EC0-301F-11D3-BF4B-00C04F79EFBC}") = "Common", "Common\Common.csproj", "{73178BAD-1CC9-4B8E-993A-5DB9641B2E9B}"
EndProject
Project("{FAE04EC0-301F-11D3-BF4B-00C04F79EFBC}") = "IL2AsmTranspiler", "IL2AsmTranspiler\IL2AsmTranspiler.csproj", "{8A9567EA-9673-4307-9BD0-9E480EF73DB4}"
EndProject
Project("{FAE04EC0-301F-11D3-BF4B-00C04F79EFBC}") = "IL2AsmTranspiler.Tests", "IL2AsmTranspiler.Tests\IL2AsmTranspiler.Tests.csproj", "{AE182C1A-B738-494F-B83D-9E0A5D62B652}"
EndProject
Project("{FAE04EC0-301F-11D3-BF4B-00C04F79EFBC}") = "DefaultSettings", "DefaultSettings\DefaultSettings.csproj", "{1FF6573A-D775-4C4F-BE1F-8529772BB8AC}"
EndProject
Project("{FAE04EC0-301F-11D3-BF4B-00C04F79EFBC}") = "DotNetKernel", "DotNetKernel\DotNetKernel.csproj", "{E9712E81-F5B1-4571-BC69-99EB0ADD3937}"
EndProject
Project("{FAE04EC0-301F-11D3-BF4B-00C04F79EFBC}") = "KernelBuilder", "KernelBuilder\KernelBuilder.csproj", "{3BCBCD0A-E769-4CDF-87E1-0BE5C0A9FF73}"
EndProject
Project("{FAE04EC0-301F-11D3-BF4B-00C04F79EFBC}") = "KernelBuilder.Tests", "KernelBuilder.Tests\KernelBuilder.Tests.csproj", "{3244359B-CB72-4707-B07E-CFCEA9D76AFC}"
EndProject
Project("{FAE04EC0-301F-11D3-BF4B-00C04F79EFBC}") = "DotNetKernel.Tests", "DotNetKernel.Tests\DotNetKernel.Tests.csproj", "{5B1C924C-3FD0-4C06-AEC2-4CC667F1A6A6}"
EndProject
Project("{2150E333-8FDC-42A3-9474-1A3956D46DE8}") = "Tests", "Tests", "{EE2B620A-8A66-47ED-AD92-C850211DD715}"
EndProject
Project("{2150E333-8FDC-42A3-9474-1A3956D46DE8}") = "Compiler", "Compiler", "{A8446778-4A54-40D0-A9C4-442571A9973F}"
EndProject
Project("{2150E333-8FDC-42A3-9474-1A3956D46DE8}") = "Tools", "Tools", "{3C6C6683-6E5B-4B0C-99AE-0C6041B2DF7E}"
EndProject
Project("{2150E333-8FDC-42A3-9474-1A3956D46DE8}") = "CodeGeneration", "CodeGeneration", "{EA57B0EA-ACB6-4D74-9DDE-E669E0C09B1C}"
EndProject
Project("{FAE04EC0-301F-11D3-BF4B-00C04F79EFBC}") = "Common.Tests", "Common.Tests\Common.Tests.csproj", "{5473C6C9-E09C-47F7-9726-4585F528FD8C}"
EndProject
Project("{FAE04EC0-301F-11D3-BF4B-00C04F79EFBC}") = "DotNetKernel.HAL", "DotNetKernel.HAL\DotNetKernel.HAL.csproj", "{343410C8-2E3B-4133-B89B-E935A463684D}"
EndProject
Project("{FAE04EC0-301F-11D3-BF4B-00C04F79EFBC}") = "Intrinsic", "Intrinsic\Intrinsic.csproj", "{87C40AEC-F43E-4E11-ABF7-654D627BDF46}"
EndProject
Global
	GlobalSection(SolutionConfigurationPlatforms) = preSolution
		Debug|Any CPU = Debug|Any CPU
		Release|Any CPU = Release|Any CPU
	EndGlobalSection
	GlobalSection(ProjectConfigurationPlatforms) = postSolution
		{D1201469-C9C0-40D5-A1A9-28331899BD06}.Debug|Any CPU.ActiveCfg = Debug|Any CPU
		{D1201469-C9C0-40D5-A1A9-28331899BD06}.Debug|Any CPU.Build.0 = Debug|Any CPU
		{D1201469-C9C0-40D5-A1A9-28331899BD06}.Release|Any CPU.ActiveCfg = Release|Any CPU
		{D1201469-C9C0-40D5-A1A9-28331899BD06}.Release|Any CPU.Build.0 = Release|Any CPU
		{12736183-9C71-4FAD-A757-38D385B3BC1C}.Debug|Any CPU.ActiveCfg = Debug|Any CPU
		{12736183-9C71-4FAD-A757-38D385B3BC1C}.Debug|Any CPU.Build.0 = Debug|Any CPU
		{12736183-9C71-4FAD-A757-38D385B3BC1C}.Release|Any CPU.ActiveCfg = Release|Any CPU
		{12736183-9C71-4FAD-A757-38D385B3BC1C}.Release|Any CPU.Build.0 = Release|Any CPU
		{9AE68895-06F5-459C-B21B-1D9C7D75D653}.Debug|Any CPU.ActiveCfg = Debug|Any CPU
		{9AE68895-06F5-459C-B21B-1D9C7D75D653}.Debug|Any CPU.Build.0 = Debug|Any CPU
		{9AE68895-06F5-459C-B21B-1D9C7D75D653}.Release|Any CPU.ActiveCfg = Release|Any CPU
		{9AE68895-06F5-459C-B21B-1D9C7D75D653}.Release|Any CPU.Build.0 = Release|Any CPU
		{73178BAD-1CC9-4B8E-993A-5DB9641B2E9B}.Debug|Any CPU.ActiveCfg = Debug|Any CPU
		{73178BAD-1CC9-4B8E-993A-5DB9641B2E9B}.Debug|Any CPU.Build.0 = Debug|Any CPU
		{73178BAD-1CC9-4B8E-993A-5DB9641B2E9B}.Release|Any CPU.ActiveCfg = Release|Any CPU
		{73178BAD-1CC9-4B8E-993A-5DB9641B2E9B}.Release|Any CPU.Build.0 = Release|Any CPU
		{8A9567EA-9673-4307-9BD0-9E480EF73DB4}.Debug|Any CPU.ActiveCfg = Debug|Any CPU
		{8A9567EA-9673-4307-9BD0-9E480EF73DB4}.Debug|Any CPU.Build.0 = Debug|Any CPU
		{8A9567EA-9673-4307-9BD0-9E480EF73DB4}.Release|Any CPU.ActiveCfg = Release|Any CPU
		{8A9567EA-9673-4307-9BD0-9E480EF73DB4}.Release|Any CPU.Build.0 = Release|Any CPU
		{AE182C1A-B738-494F-B83D-9E0A5D62B652}.Debug|Any CPU.ActiveCfg = Debug|Any CPU
		{AE182C1A-B738-494F-B83D-9E0A5D62B652}.Debug|Any CPU.Build.0 = Debug|Any CPU
		{AE182C1A-B738-494F-B83D-9E0A5D62B652}.Release|Any CPU.ActiveCfg = Release|Any CPU
		{AE182C1A-B738-494F-B83D-9E0A5D62B652}.Release|Any CPU.Build.0 = Release|Any CPU
		{1FF6573A-D775-4C4F-BE1F-8529772BB8AC}.Debug|Any CPU.ActiveCfg = Debug|Any CPU
		{1FF6573A-D775-4C4F-BE1F-8529772BB8AC}.Debug|Any CPU.Build.0 = Debug|Any CPU
		{1FF6573A-D775-4C4F-BE1F-8529772BB8AC}.Release|Any CPU.ActiveCfg = Release|Any CPU
		{1FF6573A-D775-4C4F-BE1F-8529772BB8AC}.Release|Any CPU.Build.0 = Release|Any CPU
		{E9712E81-F5B1-4571-BC69-99EB0ADD3937}.Debug|Any CPU.ActiveCfg = Debug|Any CPU
		{E9712E81-F5B1-4571-BC69-99EB0ADD3937}.Debug|Any CPU.Build.0 = Debug|Any CPU
		{E9712E81-F5B1-4571-BC69-99EB0ADD3937}.Release|Any CPU.ActiveCfg = Release|Any CPU
		{E9712E81-F5B1-4571-BC69-99EB0ADD3937}.Release|Any CPU.Build.0 = Release|Any CPU
		{3BCBCD0A-E769-4CDF-87E1-0BE5C0A9FF73}.Debug|Any CPU.ActiveCfg = Debug|Any CPU
		{3BCBCD0A-E769-4CDF-87E1-0BE5C0A9FF73}.Debug|Any CPU.Build.0 = Debug|Any CPU
		{3BCBCD0A-E769-4CDF-87E1-0BE5C0A9FF73}.Release|Any CPU.ActiveCfg = Release|Any CPU
		{3BCBCD0A-E769-4CDF-87E1-0BE5C0A9FF73}.Release|Any CPU.Build.0 = Release|Any CPU
		{3244359B-CB72-4707-B07E-CFCEA9D76AFC}.Debug|Any CPU.ActiveCfg = Debug|Any CPU
		{3244359B-CB72-4707-B07E-CFCEA9D76AFC}.Debug|Any CPU.Build.0 = Debug|Any CPU
		{3244359B-CB72-4707-B07E-CFCEA9D76AFC}.Release|Any CPU.ActiveCfg = Release|Any CPU
		{3244359B-CB72-4707-B07E-CFCEA9D76AFC}.Release|Any CPU.Build.0 = Release|Any CPU
		{5B1C924C-3FD0-4C06-AEC2-4CC667F1A6A6}.Debug|Any CPU.ActiveCfg = Debug|Any CPU
		{5B1C924C-3FD0-4C06-AEC2-4CC667F1A6A6}.Debug|Any CPU.Build.0 = Debug|Any CPU
		{5B1C924C-3FD0-4C06-AEC2-4CC667F1A6A6}.Release|Any CPU.ActiveCfg = Release|Any CPU
		{5B1C924C-3FD0-4C06-AEC2-4CC667F1A6A6}.Release|Any CPU.Build.0 = Release|Any CPU
		{5473C6C9-E09C-47F7-9726-4585F528FD8C}.Debug|Any CPU.ActiveCfg = Debug|Any CPU
		{5473C6C9-E09C-47F7-9726-4585F528FD8C}.Debug|Any CPU.Build.0 = Debug|Any CPU
		{5473C6C9-E09C-47F7-9726-4585F528FD8C}.Release|Any CPU.ActiveCfg = Release|Any CPU
		{5473C6C9-E09C-47F7-9726-4585F528FD8C}.Release|Any CPU.Build.0 = Release|Any CPU
		{343410C8-2E3B-4133-B89B-E935A463684D}.Debug|Any CPU.ActiveCfg = Debug|Any CPU
		{343410C8-2E3B-4133-B89B-E935A463684D}.Debug|Any CPU.Build.0 = Debug|Any CPU
		{343410C8-2E3B-4133-B89B-E935A463684D}.Release|Any CPU.ActiveCfg = Release|Any CPU
		{343410C8-2E3B-4133-B89B-E935A463684D}.Release|Any CPU.Build.0 = Release|Any CPU
		{87C40AEC-F43E-4E11-ABF7-654D627BDF46}.Debug|Any CPU.ActiveCfg = Debug|Any CPU
		{87C40AEC-F43E-4E11-ABF7-654D627BDF46}.Debug|Any CPU.Build.0 = Debug|Any CPU
		{87C40AEC-F43E-4E11-ABF7-654D627BDF46}.Release|Any CPU.ActiveCfg = Release|Any CPU
		{87C40AEC-F43E-4E11-ABF7-654D627BDF46}.Release|Any CPU.Build.0 = Release|Any CPU
	EndGlobalSection
	GlobalSection(SolutionProperties) = preSolution
		HideSolutionNode = FALSE
	EndGlobalSection
	GlobalSection(NestedProjects) = preSolution
		{12736183-9C71-4FAD-A757-38D385B3BC1C} = {3C6C6683-6E5B-4B0C-99AE-0C6041B2DF7E}
		{9AE68895-06F5-459C-B21B-1D9C7D75D653} = {EE2B620A-8A66-47ED-AD92-C850211DD715}
		{73178BAD-1CC9-4B8E-993A-5DB9641B2E9B} = {A8446778-4A54-40D0-A9C4-442571A9973F}
		{8A9567EA-9673-4307-9BD0-9E480EF73DB4} = {EA57B0EA-ACB6-4D74-9DDE-E669E0C09B1C}
		{AE182C1A-B738-494F-B83D-9E0A5D62B652} = {EE2B620A-8A66-47ED-AD92-C850211DD715}
		{1FF6573A-D775-4C4F-BE1F-8529772BB8AC} = {3C6C6683-6E5B-4B0C-99AE-0C6041B2DF7E}
		{3BCBCD0A-E769-4CDF-87E1-0BE5C0A9FF73} = {EA57B0EA-ACB6-4D74-9DDE-E669E0C09B1C}
		{3244359B-CB72-4707-B07E-CFCEA9D76AFC} = {EE2B620A-8A66-47ED-AD92-C850211DD715}
		{5B1C924C-3FD0-4C06-AEC2-4CC667F1A6A6} = {EE2B620A-8A66-47ED-AD92-C850211DD715}
		{3C6C6683-6E5B-4B0C-99AE-0C6041B2DF7E} = {A8446778-4A54-40D0-A9C4-442571A9973F}
		{EA57B0EA-ACB6-4D74-9DDE-E669E0C09B1C} = {A8446778-4A54-40D0-A9C4-442571A9973F}
		{5473C6C9-E09C-47F7-9726-4585F528FD8C} = {EE2B620A-8A66-47ED-AD92-C850211DD715}
		{87C40AEC-F43E-4E11-ABF7-654D627BDF46} = {EA57B0EA-ACB6-4D74-9DDE-E669E0C09B1C}
	EndGlobalSection
EndGlobal
